// !$*UTF8*$!
{
	archiveVersion = 1;
	classes = {
	};
	objectVersion = 56;
	objects = {

/* Begin PBXBuildFile section */
		0546FBB62DCB30F1001695D8 /* custom-icons.ttf in Resources */ = {isa = PBXBuildFile; fileRef = 0546FBB52DCB30F1001695D8 /* custom-icons.ttf */; };
		054C84432CD9B994005595EF /* AppDelegate.swift in Sources */ = {isa = PBXBuildFile; fileRef = 054C84422CD9B994005595EF /* AppDelegate.swift */; };
		054C84452CD9B994005595EF /* SceneDelegate.swift in Sources */ = {isa = PBXBuildFile; fileRef = 054C84442CD9B994005595EF /* SceneDelegate.swift */; };
		054C84472CD9B994005595EF /* LobbyViewController.swift in Sources */ = {isa = PBXBuildFile; fileRef = 054C84462CD9B994005595EF /* LobbyViewController.swift */; };
		054C844A2CD9B994005595EF /* Base in Resources */ = {isa = PBXBuildFile; fileRef = 054C84492CD9B994005595EF /* Base */; };
		054C844C2CD9B995005595EF /* Assets.xcassets in Resources */ = {isa = PBXBuildFile; fileRef = 054C844B2CD9B995005595EF /* Assets.xcassets */; };
		054C844F2CD9B995005595EF /* Base in Resources */ = {isa = PBXBuildFile; fileRef = 054C844E2CD9B995005595EF /* Base */; };
		054C84582CD9BD76005595EF /* APIService.swift in Sources */ = {isa = PBXBuildFile; fileRef = 054C84572CD9BD76005595EF /* APIService.swift */; };
		054C845A2CD9BDE5005595EF /* APIConfig.swift in Sources */ = {isa = PBXBuildFile; fileRef = 054C84592CD9BDE5005595EF /* APIConfig.swift */; };
		054C84602CD9C0AF005595EF /* UIControlPublisher.swift in Sources */ = {isa = PBXBuildFile; fileRef = 054C845F2CD9C0AF005595EF /* UIControlPublisher.swift */; };
		054C84622CD9C0E3005595EF /* PublisherExtension.swift in Sources */ = {isa = PBXBuildFile; fileRef = 054C84612CD9C0E3005595EF /* PublisherExtension.swift */; };
		054C84652CD9C144005595EF /* WeatherService.swift in Sources */ = {isa = PBXBuildFile; fileRef = 054C84642CD9C144005595EF /* WeatherService.swift */; };
		054C846C2CDB0548005595EF /* CodableExtension.swift in Sources */ = {isa = PBXBuildFile; fileRef = 054C846B2CDB0548005595EF /* CodableExtension.swift */; };
		054C846E2CDB06AA005595EF /* WeatherAllModel.swift in Sources */ = {isa = PBXBuildFile; fileRef = 054C846D2CDB06AA005595EF /* WeatherAllModel.swift */; };
		05513A432DAE44540021573F /* WeatherView.swift in Sources */ = {isa = PBXBuildFile; fileRef = 05513A422DAE44540021573F /* WeatherView.swift */; };
		05589EE52CE6ECD8003881AA /* Display.swift in Sources */ = {isa = PBXBuildFile; fileRef = 05589EE42CE6ECD8003881AA /* Display.swift */; };
		05589EE72CE6ED93003881AA /* WeatherLobbyViewController.swift in Sources */ = {isa = PBXBuildFile; fileRef = 05589EE62CE6ED93003881AA /* WeatherLobbyViewController.swift */; };
		05589EE92CE6EDBF003881AA /* WeatherLobbyVM.swift in Sources */ = {isa = PBXBuildFile; fileRef = 05589EE82CE6EDBF003881AA /* WeatherLobbyVM.swift */; };
		05589EEF2CE6EFF3003881AA /* LobbyVM.swift in Sources */ = {isa = PBXBuildFile; fileRef = 05589EEE2CE6EFF3003881AA /* LobbyVM.swift */; };
		05589EF22CE6F0A7003881AA /* UIStoryboardExtension.swift in Sources */ = {isa = PBXBuildFile; fileRef = 05589EF12CE6F0A7003881AA /* UIStoryboardExtension.swift */; };
		05589EF42CE6F2D2003881AA /* UIViewControllerExtension.swift in Sources */ = {isa = PBXBuildFile; fileRef = 05589EF32CE6F2D2003881AA /* UIViewControllerExtension.swift */; };
		05589EF62CE6F5C5003881AA /* Weather.storyboard in Resources */ = {isa = PBXBuildFile; fileRef = 05589EF52CE6F5C5003881AA /* Weather.storyboard */; };
		05589EF92CE6F808003881AA /* FeatrueTitleBar.swift in Sources */ = {isa = PBXBuildFile; fileRef = 05589EF82CE6F808003881AA /* FeatrueTitleBar.swift */; };
		05589EFC2CE6F827003881AA /* FeatureTitleBar.xib in Resources */ = {isa = PBXBuildFile; fileRef = 05589EFB2CE6F827003881AA /* FeatureTitleBar.xib */; };
		05623FD02E1234D300B33D2D /* SearchBar.swift in Sources */ = {isa = PBXBuildFile; fileRef = 05623FCF2E1234D300B33D2D /* SearchBar.swift */; };
		058877032DC1BE5B00B1D13E /* WeatherView2.swift in Sources */ = {isa = PBXBuildFile; fileRef = 058877022DC1BE4D00B1D13E /* WeatherView2.swift */; };
		0595566F2E14D5BA0050147C /* TideView.swift in Sources */ = {isa = PBXBuildFile; fileRef = 0595566E2E14D5B90050147C /* TideView.swift */; };
		059556712E150AF10050147C /* TideLobbyVM.swift in Sources */ = {isa = PBXBuildFile; fileRef = 059556702E150AF10050147C /* TideLobbyVM.swift */; };
		0598C8C02E5AAE0A00F3098B /* ImageUtils.swift in Sources */ = {isa = PBXBuildFile; fileRef = 0598C8BF2E5AAE0A00F3098B /* ImageUtils.swift */; };
		0598C8C42E60711B00F3098B /* mobileclip_s1_image.mlpackage in Sources */ = {isa = PBXBuildFile; fileRef = 0598C8C32E60711B00F3098B /* mobileclip_s1_image.mlpackage */; };
		0598C8C92E60778300F3098B /* CameraStreamView.swift in Sources */ = {isa = PBXBuildFile; fileRef = 0598C8C82E60778300F3098B /* CameraStreamView.swift */; };
		0598C8CB2E60785C00F3098B /* CameraController.swift in Sources */ = {isa = PBXBuildFile; fileRef = 0598C8CA2E60785100F3098B /* CameraController.swift */; };
		0598C8E22E628DF400F3098B /* CLIPFeatureExtractor.swift in Sources */ = {isa = PBXBuildFile; fileRef = 0598C8E12E628DF400F3098B /* CLIPFeatureExtractor.swift */; };
		059F9D9D2E651EA600ABFDFC /* EmbeddingImgModel.swift in Sources */ = {isa = PBXBuildFile; fileRef = 059F9D9C2E651E8D00ABFDFC /* EmbeddingImgModel.swift */; };
		059F9DA02E651F2800ABFDFC /* embeddings_test_Img.json in Resources */ = {isa = PBXBuildFile; fileRef = 059F9D9F2E651F2800ABFDFC /* embeddings_test_Img.json */; };
		059F9DA22E651F7600ABFDFC /* JsonUtils.swift in Sources */ = {isa = PBXBuildFile; fileRef = 059F9DA12E651F7600ABFDFC /* JsonUtils.swift */; };
		059F9DA52E65255400ABFDFC /* CameraStreamVM.swift in Sources */ = {isa = PBXBuildFile; fileRef = 059F9DA42E65255400ABFDFC /* CameraStreamVM.swift */; };
		05D266B42DDABC1600F140D3 /* gestureView.swift in Sources */ = {isa = PBXBuildFile; fileRef = 05D266B32DDABC1600F140D3 /* gestureView.swift */; };
		05E245EB2D0A7EB800C6C048 /* TagLineView.swift in Sources */ = {isa = PBXBuildFile; fileRef = 05E245E92D0A7EB800C6C048 /* TagLineView.swift */; };
		05E245EC2D0A7EB800C6C048 /* TagLineView.xib in Resources */ = {isa = PBXBuildFile; fileRef = 05E245EA2D0A7EB800C6C048 /* TagLineView.xib */; };
		05E245EF2D0A7F9B00C6C048 /* UILabelPadding.swift in Sources */ = {isa = PBXBuildFile; fileRef = 05E245EE2D0A7F9B00C6C048 /* UILabelPadding.swift */; };
		05E245F12D0A801000C6C048 /* UILabelExtension.swift in Sources */ = {isa = PBXBuildFile; fileRef = 05E245F02D0A801000C6C048 /* UILabelExtension.swift */; };
		05E672E02CDB0C78006CF3BF /* APILoggerPlugin.swift in Sources */ = {isa = PBXBuildFile; fileRef = 05E672DF2CDB0C78006CF3BF /* APILoggerPlugin.swift */; };
		05E672E42CDB0CB3006CF3BF /* DebugLogger.swift in Sources */ = {isa = PBXBuildFile; fileRef = 05E672E32CDB0CB3006CF3BF /* DebugLogger.swift */; };
		05F3BED42D92824C00DDAC72 /* TideDataModel.swift in Sources */ = {isa = PBXBuildFile; fileRef = 05F3BED32D92824C00DDAC72 /* TideDataModel.swift */; };
		05FAEF132DF2743900E9BD08 /* bottomSheetView.swift in Sources */ = {isa = PBXBuildFile; fileRef = 05FAEF122DF2743900E9BD08 /* bottomSheetView.swift */; };
		05FAEF162DF2782400E9BD08 /* RestaurantModel.swift in Sources */ = {isa = PBXBuildFile; fileRef = 05FAEF152DF2782400E9BD08 /* RestaurantModel.swift */; };
		05FAEF182DF279A700E9BD08 /* BottomSheetSubViews.swift in Sources */ = {isa = PBXBuildFile; fileRef = 05FAEF172DF279A700E9BD08 /* BottomSheetSubViews.swift */; };
		05FAEF1C2DF2C22A00E9BD08 /* TripModel.swift in Sources */ = {isa = PBXBuildFile; fileRef = 05FAEF1B2DF2C22A00E9BD08 /* TripModel.swift */; };
		05FAEF1E2DF2C24F00E9BD08 /* GestureAnimationView.swift in Sources */ = {isa = PBXBuildFile; fileRef = 05FAEF1D2DF2C24F00E9BD08 /* GestureAnimationView.swift */; };
		05FAEF202DF2C2AD00E9BD08 /* GestureAnimationSubViews.swift in Sources */ = {isa = PBXBuildFile; fileRef = 05FAEF1F2DF2C2AD00E9BD08 /* GestureAnimationSubViews.swift */; };
		05FAEF232DF2D45700E9BD08 /* GestureAnimationViewModel.swift in Sources */ = {isa = PBXBuildFile; fileRef = 05FAEF222DF2D45700E9BD08 /* GestureAnimationViewModel.swift */; };
		05FAEF2E2E00F41800E9BD08 /* CardDM.swift in Sources */ = {isa = PBXBuildFile; fileRef = 05FAEF2D2E00F41800E9BD08 /* CardDM.swift */; };
		05FAEF302E00F4F200E9BD08 /* TransactionsDM.swift in Sources */ = {isa = PBXBuildFile; fileRef = 05FAEF2F2E00F4F200E9BD08 /* TransactionsDM.swift */; };
		05FAEF322E00F52500E9BD08 /* CardSliderView.swift in Sources */ = {isa = PBXBuildFile; fileRef = 05FAEF312E00F52500E9BD08 /* CardSliderView.swift */; };
		05FAEF342E00F53D00E9BD08 /* CardSliderSubViews.swift in Sources */ = {isa = PBXBuildFile; fileRef = 05FAEF332E00F52F00E9BD08 /* CardSliderSubViews.swift */; };
		05FAEF392E013B7300E9BD08 /* CardSliderVM.swift in Sources */ = {isa = PBXBuildFile; fileRef = 05FAEF382E013B6B00E9BD08 /* CardSliderVM.swift */; };
		34CB838C47F0B8332479937F /* Pods_FishBuddy.framework in Frameworks */ = {isa = PBXBuildFile; fileRef = 403AA25D1C561EBE052111F9 /* Pods_FishBuddy.framework */; };
/* End PBXBuildFile section */

/* Begin PBXFileReference section */
		0546FBB52DCB30F1001695D8 /* custom-icons.ttf */ = {isa = PBXFileReference; lastKnownFileType = file; path = "custom-icons.ttf"; sourceTree = "<group>"; };
		054C843F2CD9B994005595EF /* FishBuddy.app */ = {isa = PBXFileReference; explicitFileType = wrapper.application; includeInIndex = 0; path = FishBuddy.app; sourceTree = BUILT_PRODUCTS_DIR; };
		054C84422CD9B994005595EF /* AppDelegate.swift */ = {isa = PBXFileReference; lastKnownFileType = sourcecode.swift; path = AppDelegate.swift; sourceTree = "<group>"; };
		054C84442CD9B994005595EF /* SceneDelegate.swift */ = {isa = PBXFileReference; lastKnownFileType = sourcecode.swift; path = SceneDelegate.swift; sourceTree = "<group>"; };
		054C84462CD9B994005595EF /* LobbyViewController.swift */ = {isa = PBXFileReference; lastKnownFileType = sourcecode.swift; path = LobbyViewController.swift; sourceTree = "<group>"; };
		054C84492CD9B994005595EF /* Base */ = {isa = PBXFileReference; lastKnownFileType = file.storyboard; name = Base; path = Base.lproj/Main.storyboard; sourceTree = "<group>"; };
		054C844B2CD9B995005595EF /* Assets.xcassets */ = {isa = PBXFileReference; lastKnownFileType = folder.assetcatalog; path = Assets.xcassets; sourceTree = "<group>"; };
		054C844E2CD9B995005595EF /* Base */ = {isa = PBXFileReference; lastKnownFileType = file.storyboard; name = Base; path = Base.lproj/LaunchScreen.storyboard; sourceTree = "<group>"; };
		054C84502CD9B995005595EF /* Info.plist */ = {isa = PBXFileReference; lastKnownFileType = text.plist.xml; path = Info.plist; sourceTree = "<group>"; };
		054C84572CD9BD76005595EF /* APIService.swift */ = {isa = PBXFileReference; lastKnownFileType = sourcecode.swift; path = APIService.swift; sourceTree = "<group>"; };
		054C84592CD9BDE5005595EF /* APIConfig.swift */ = {isa = PBXFileReference; lastKnownFileType = sourcecode.swift; path = APIConfig.swift; sourceTree = "<group>"; };
		054C845F2CD9C0AF005595EF /* UIControlPublisher.swift */ = {isa = PBXFileReference; lastKnownFileType = sourcecode.swift; path = UIControlPublisher.swift; sourceTree = "<group>"; };
		054C84612CD9C0E3005595EF /* PublisherExtension.swift */ = {isa = PBXFileReference; lastKnownFileType = sourcecode.swift; path = PublisherExtension.swift; sourceTree = "<group>"; };
		054C84642CD9C144005595EF /* WeatherService.swift */ = {isa = PBXFileReference; lastKnownFileType = sourcecode.swift; path = WeatherService.swift; sourceTree = "<group>"; };
		054C846B2CDB0548005595EF /* CodableExtension.swift */ = {isa = PBXFileReference; lastKnownFileType = sourcecode.swift; path = CodableExtension.swift; sourceTree = "<group>"; };
		054C846D2CDB06AA005595EF /* WeatherAllModel.swift */ = {isa = PBXFileReference; lastKnownFileType = sourcecode.swift; path = WeatherAllModel.swift; sourceTree = "<group>"; };
		05513A422DAE44540021573F /* WeatherView.swift */ = {isa = PBXFileReference; lastKnownFileType = sourcecode.swift; path = WeatherView.swift; sourceTree = "<group>"; };
		05589EE42CE6ECD8003881AA /* Display.swift */ = {isa = PBXFileReference; lastKnownFileType = sourcecode.swift; path = Display.swift; sourceTree = "<group>"; };
		05589EE62CE6ED93003881AA /* WeatherLobbyViewController.swift */ = {isa = PBXFileReference; lastKnownFileType = sourcecode.swift; path = WeatherLobbyViewController.swift; sourceTree = "<group>"; };
		05589EE82CE6EDBF003881AA /* WeatherLobbyVM.swift */ = {isa = PBXFileReference; lastKnownFileType = sourcecode.swift; path = WeatherLobbyVM.swift; sourceTree = "<group>"; };
		05589EEE2CE6EFF3003881AA /* LobbyVM.swift */ = {isa = PBXFileReference; lastKnownFileType = sourcecode.swift; path = LobbyVM.swift; sourceTree = "<group>"; };
		05589EF12CE6F0A7003881AA /* UIStoryboardExtension.swift */ = {isa = PBXFileReference; lastKnownFileType = sourcecode.swift; path = UIStoryboardExtension.swift; sourceTree = "<group>"; };
		05589EF32CE6F2D2003881AA /* UIViewControllerExtension.swift */ = {isa = PBXFileReference; lastKnownFileType = sourcecode.swift; path = UIViewControllerExtension.swift; sourceTree = "<group>"; };
		05589EF52CE6F5C5003881AA /* Weather.storyboard */ = {isa = PBXFileReference; lastKnownFileType = file.storyboard; path = Weather.storyboard; sourceTree = "<group>"; };
		05589EF82CE6F808003881AA /* FeatrueTitleBar.swift */ = {isa = PBXFileReference; lastKnownFileType = sourcecode.swift; path = FeatrueTitleBar.swift; sourceTree = "<group>"; };
		05589EFB2CE6F827003881AA /* FeatureTitleBar.xib */ = {isa = PBXFileReference; lastKnownFileType = file.xib; path = FeatureTitleBar.xib; sourceTree = "<group>"; };
		05623FCF2E1234D300B33D2D /* SearchBar.swift */ = {isa = PBXFileReference; lastKnownFileType = sourcecode.swift; path = SearchBar.swift; sourceTree = "<group>"; };
		058877022DC1BE4D00B1D13E /* WeatherView2.swift */ = {isa = PBXFileReference; lastKnownFileType = sourcecode.swift; path = WeatherView2.swift; sourceTree = "<group>"; };
		0595566E2E14D5B90050147C /* TideView.swift */ = {isa = PBXFileReference; lastKnownFileType = sourcecode.swift; path = TideView.swift; sourceTree = "<group>"; };
		059556702E150AF10050147C /* TideLobbyVM.swift */ = {isa = PBXFileReference; lastKnownFileType = sourcecode.swift; path = TideLobbyVM.swift; sourceTree = "<group>"; };
		0598C8BF2E5AAE0A00F3098B /* ImageUtils.swift */ = {isa = PBXFileReference; lastKnownFileType = sourcecode.swift; path = ImageUtils.swift; sourceTree = "<group>"; };
		0598C8C32E60711B00F3098B /* mobileclip_s1_image.mlpackage */ = {isa = PBXFileReference; lastKnownFileType = folder.mlpackage; path = mobileclip_s1_image.mlpackage; sourceTree = "<group>"; };
		0598C8C82E60778300F3098B /* CameraStreamView.swift */ = {isa = PBXFileReference; lastKnownFileType = sourcecode.swift; path = CameraStreamView.swift; sourceTree = "<group>"; };
		0598C8CA2E60785100F3098B /* CameraController.swift */ = {isa = PBXFileReference; lastKnownFileType = sourcecode.swift; path = CameraController.swift; sourceTree = "<group>"; };
		0598C8E12E628DF400F3098B /* CLIPFeatureExtractor.swift */ = {isa = PBXFileReference; lastKnownFileType = sourcecode.swift; path = CLIPFeatureExtractor.swift; sourceTree = "<group>"; };
		059F9D9C2E651E8D00ABFDFC /* EmbeddingImgModel.swift */ = {isa = PBXFileReference; lastKnownFileType = sourcecode.swift; path = EmbeddingImgModel.swift; sourceTree = "<group>"; };
		059F9D9F2E651F2800ABFDFC /* embeddings_test_Img.json */ = {isa = PBXFileReference; lastKnownFileType = text.json; path = embeddings_test_Img.json; sourceTree = "<group>"; };
		059F9DA12E651F7600ABFDFC /* JsonUtils.swift */ = {isa = PBXFileReference; lastKnownFileType = sourcecode.swift; path = JsonUtils.swift; sourceTree = "<group>"; };
		059F9DA42E65255400ABFDFC /* CameraStreamVM.swift */ = {isa = PBXFileReference; lastKnownFileType = sourcecode.swift; path = CameraStreamVM.swift; sourceTree = "<group>"; };
		05D266B32DDABC1600F140D3 /* gestureView.swift */ = {isa = PBXFileReference; lastKnownFileType = sourcecode.swift; path = gestureView.swift; sourceTree = "<group>"; };
		05E245E92D0A7EB800C6C048 /* TagLineView.swift */ = {isa = PBXFileReference; fileEncoding = 4; lastKnownFileType = sourcecode.swift; path = TagLineView.swift; sourceTree = "<group>"; };
		05E245EA2D0A7EB800C6C048 /* TagLineView.xib */ = {isa = PBXFileReference; fileEncoding = 4; lastKnownFileType = file.xib; path = TagLineView.xib; sourceTree = "<group>"; };
		05E245EE2D0A7F9B00C6C048 /* UILabelPadding.swift */ = {isa = PBXFileReference; lastKnownFileType = sourcecode.swift; path = UILabelPadding.swift; sourceTree = "<group>"; };
		05E245F02D0A801000C6C048 /* UILabelExtension.swift */ = {isa = PBXFileReference; lastKnownFileType = sourcecode.swift; path = UILabelExtension.swift; sourceTree = "<group>"; };
		05E672DF2CDB0C78006CF3BF /* APILoggerPlugin.swift */ = {isa = PBXFileReference; lastKnownFileType = sourcecode.swift; path = APILoggerPlugin.swift; sourceTree = "<group>"; };
		05E672E32CDB0CB3006CF3BF /* DebugLogger.swift */ = {isa = PBXFileReference; lastKnownFileType = sourcecode.swift; path = DebugLogger.swift; sourceTree = "<group>"; };
		05F3BED32D92824C00DDAC72 /* TideDataModel.swift */ = {isa = PBXFileReference; lastKnownFileType = sourcecode.swift; path = TideDataModel.swift; sourceTree = "<group>"; };
		05FAEF122DF2743900E9BD08 /* bottomSheetView.swift */ = {isa = PBXFileReference; lastKnownFileType = sourcecode.swift; path = bottomSheetView.swift; sourceTree = "<group>"; };
		05FAEF152DF2782400E9BD08 /* RestaurantModel.swift */ = {isa = PBXFileReference; lastKnownFileType = sourcecode.swift; path = RestaurantModel.swift; sourceTree = "<group>"; };
		05FAEF172DF279A700E9BD08 /* BottomSheetSubViews.swift */ = {isa = PBXFileReference; lastKnownFileType = sourcecode.swift; path = BottomSheetSubViews.swift; sourceTree = "<group>"; };
		05FAEF1B2DF2C22A00E9BD08 /* TripModel.swift */ = {isa = PBXFileReference; lastKnownFileType = sourcecode.swift; path = TripModel.swift; sourceTree = "<group>"; };
		05FAEF1D2DF2C24F00E9BD08 /* GestureAnimationView.swift */ = {isa = PBXFileReference; lastKnownFileType = sourcecode.swift; path = GestureAnimationView.swift; sourceTree = "<group>"; };
		05FAEF1F2DF2C2AD00E9BD08 /* GestureAnimationSubViews.swift */ = {isa = PBXFileReference; lastKnownFileType = sourcecode.swift; path = GestureAnimationSubViews.swift; sourceTree = "<group>"; };
		05FAEF222DF2D45700E9BD08 /* GestureAnimationViewModel.swift */ = {isa = PBXFileReference; lastKnownFileType = sourcecode.swift; path = GestureAnimationViewModel.swift; sourceTree = "<group>"; };
		05FAEF2D2E00F41800E9BD08 /* CardDM.swift */ = {isa = PBXFileReference; lastKnownFileType = sourcecode.swift; path = CardDM.swift; sourceTree = "<group>"; };
		05FAEF2F2E00F4F200E9BD08 /* TransactionsDM.swift */ = {isa = PBXFileReference; lastKnownFileType = sourcecode.swift; path = TransactionsDM.swift; sourceTree = "<group>"; };
		05FAEF312E00F52500E9BD08 /* CardSliderView.swift */ = {isa = PBXFileReference; lastKnownFileType = sourcecode.swift; path = CardSliderView.swift; sourceTree = "<group>"; };
		05FAEF332E00F52F00E9BD08 /* CardSliderSubViews.swift */ = {isa = PBXFileReference; lastKnownFileType = sourcecode.swift; path = CardSliderSubViews.swift; sourceTree = "<group>"; };
		05FAEF382E013B6B00E9BD08 /* CardSliderVM.swift */ = {isa = PBXFileReference; lastKnownFileType = sourcecode.swift; path = CardSliderVM.swift; sourceTree = "<group>"; };
		403AA25D1C561EBE052111F9 /* Pods_FishBuddy.framework */ = {isa = PBXFileReference; explicitFileType = wrapper.framework; includeInIndex = 0; path = Pods_FishBuddy.framework; sourceTree = BUILT_PRODUCTS_DIR; };
		93D4B919CA5B1C4E00C568C4 /* Pods-FishBuddy.debug.xcconfig */ = {isa = PBXFileReference; includeInIndex = 1; lastKnownFileType = text.xcconfig; name = "Pods-FishBuddy.debug.xcconfig"; path = "Target Support Files/Pods-FishBuddy/Pods-FishBuddy.debug.xcconfig"; sourceTree = "<group>"; };
		9E8680C797A3C5BAD69C85F4 /* Pods-FishBuddy.release.xcconfig */ = {isa = PBXFileReference; includeInIndex = 1; lastKnownFileType = text.xcconfig; name = "Pods-FishBuddy.release.xcconfig"; path = "Target Support Files/Pods-FishBuddy/Pods-FishBuddy.release.xcconfig"; sourceTree = "<group>"; };
/* End PBXFileReference section */

/* Begin PBXFrameworksBuildPhase section */
		054C843C2CD9B994005595EF /* Frameworks */ = {
			isa = PBXFrameworksBuildPhase;
			buildActionMask = 2147483647;
			files = (
				34CB838C47F0B8332479937F /* Pods_FishBuddy.framework in Frameworks */,
			);
			runOnlyForDeploymentPostprocessing = 0;
		};
/* End PBXFrameworksBuildPhase section */

/* Begin PBXGroup section */
		054C84362CD9B994005595EF = {
			isa = PBXGroup;
			children = (
				054C84412CD9B994005595EF /* FishBuddy */,
				054C84402CD9B994005595EF /* Products */,
				E7D8B280684BFC7DCF7FA2DE /* Pods */,
				A618D7BF026182D6CF0FD035 /* Frameworks */,
			);
			sourceTree = "<group>";
		};
		054C84402CD9B994005595EF /* Products */ = {
			isa = PBXGroup;
			children = (
				054C843F2CD9B994005595EF /* FishBuddy.app */,
			);
			name = Products;
			sourceTree = "<group>";
		};
		054C84412CD9B994005595EF /* FishBuddy */ = {
			isa = PBXGroup;
			children = (
				0598C8C32E60711B00F3098B /* mobileclip_s1_image.mlpackage */,
				0598C8BD2E5AAD3C00F3098B /* ImageRecognition */,
				05D266AF2DDABBE400F140D3 /* Pratice */,
				05589EF72CE6F7DE003881AA /* Componet */,
				054C845B2CD9C030005595EF /* Common */,
				054C84562CD9BD37005595EF /* APIService */,
				05589EE32CE6ECA4003881AA /* Metohd */,
				05589EEA2CE6EE19003881AA /* Lobby */,
				054C84662CDB04D5005595EF /* Weather */,
				054C84422CD9B994005595EF /* AppDelegate.swift */,
				054C84442CD9B994005595EF /* SceneDelegate.swift */,
				0546FBB52DCB30F1001695D8 /* custom-icons.ttf */,
				054C844B2CD9B995005595EF /* Assets.xcassets */,
				054C844D2CD9B995005595EF /* LaunchScreen.storyboard */,
				054C84502CD9B995005595EF /* Info.plist */,
			);
			path = FishBuddy;
			sourceTree = "<group>";
		};
		054C84562CD9BD37005595EF /* APIService */ = {
			isa = PBXGroup;
			children = (
				054C84632CD9C132005595EF /* Service */,
				054C84572CD9BD76005595EF /* APIService.swift */,
				054C84592CD9BDE5005595EF /* APIConfig.swift */,
				05E672DF2CDB0C78006CF3BF /* APILoggerPlugin.swift */,
			);
			path = APIService;
			sourceTree = "<group>";
		};
		054C845B2CD9C030005595EF /* Common */ = {
			isa = PBXGroup;
			children = (
				05589EF02CE6F084003881AA /* Extension */,
				05E672E12CDB0C93006CF3BF /* DebugLogger */,
				054C846A2CDB0531005595EF /* Codable */,
				054C845E2CD9C082005595EF /* Combine */,
			);
			path = Common;
			sourceTree = "<group>";
		};
		054C845E2CD9C082005595EF /* Combine */ = {
			isa = PBXGroup;
			children = (
				054C845F2CD9C0AF005595EF /* UIControlPublisher.swift */,
				054C84612CD9C0E3005595EF /* PublisherExtension.swift */,
			);
			path = Combine;
			sourceTree = "<group>";
		};
		054C84632CD9C132005595EF /* Service */ = {
			isa = PBXGroup;
			children = (
				054C84642CD9C144005595EF /* WeatherService.swift */,
			);
			path = Service;
			sourceTree = "<group>";
		};
		054C84662CDB04D5005595EF /* Weather */ = {
			isa = PBXGroup;
			children = (
				05513A402DAE43FB0021573F /* UIKit */,
				05513A412DAE44050021573F /* SwiftUI */,
				054C84692CDB04F0005595EF /* Model */,
				054C84682CDB04EA005595EF /* ViewModel */,
			);
			path = Weather;
			sourceTree = "<group>";
		};
		054C84682CDB04EA005595EF /* ViewModel */ = {
			isa = PBXGroup;
			children = (
				05589EE82CE6EDBF003881AA /* WeatherLobbyVM.swift */,
				059556702E150AF10050147C /* TideLobbyVM.swift */,
			);
			path = ViewModel;
			sourceTree = "<group>";
		};
		054C84692CDB04F0005595EF /* Model */ = {
			isa = PBXGroup;
			children = (
				054C846D2CDB06AA005595EF /* WeatherAllModel.swift */,
				05F3BED32D92824C00DDAC72 /* TideDataModel.swift */,
			);
			path = Model;
			sourceTree = "<group>";
		};
		054C846A2CDB0531005595EF /* Codable */ = {
			isa = PBXGroup;
			children = (
				054C846B2CDB0548005595EF /* CodableExtension.swift */,
			);
			path = Codable;
			sourceTree = "<group>";
		};
		05513A402DAE43FB0021573F /* UIKit */ = {
			isa = PBXGroup;
			children = (
				05589EE62CE6ED93003881AA /* WeatherLobbyViewController.swift */,
				05589EF52CE6F5C5003881AA /* Weather.storyboard */,
			);
			path = UIKit;
			sourceTree = "<group>";
		};
		05513A412DAE44050021573F /* SwiftUI */ = {
			isa = PBXGroup;
			children = (
				058877022DC1BE4D00B1D13E /* WeatherView2.swift */,
				05513A422DAE44540021573F /* WeatherView.swift */,
				0595566E2E14D5B90050147C /* TideView.swift */,
			);
			path = SwiftUI;
			sourceTree = "<group>";
		};
		05589EE32CE6ECA4003881AA /* Metohd */ = {
			isa = PBXGroup;
			children = (
				05589EE42CE6ECD8003881AA /* Display.swift */,
			);
			path = Metohd;
			sourceTree = "<group>";
		};
		05589EEA2CE6EE19003881AA /* Lobby */ = {
			isa = PBXGroup;
			children = (
				05589EEB2CE6EE43003881AA /* ViewModel */,
				054C84482CD9B994005595EF /* Main.storyboard */,
				054C84462CD9B994005595EF /* LobbyViewController.swift */,
			);
			path = Lobby;
			sourceTree = "<group>";
		};
		05589EEB2CE6EE43003881AA /* ViewModel */ = {
			isa = PBXGroup;
			children = (
				05589EEE2CE6EFF3003881AA /* LobbyVM.swift */,
			);
			path = ViewModel;
			sourceTree = "<group>";
		};
		05589EF02CE6F084003881AA /* Extension */ = {
			isa = PBXGroup;
			children = (
				05589EF12CE6F0A7003881AA /* UIStoryboardExtension.swift */,
				05589EF32CE6F2D2003881AA /* UIViewControllerExtension.swift */,
				05E245F02D0A801000C6C048 /* UILabelExtension.swift */,
			);
			path = Extension;
			sourceTree = "<group>";
		};
		05589EF72CE6F7DE003881AA /* Componet */ = {
			isa = PBXGroup;
			children = (
				05E245ED2D0A7F5100C6C048 /* UILabelPadding */,
				05E245E82D0A7E5400C6C048 /* TagLineView */,
				05589EFA2CE6F811003881AA /* TitleBar */,
			);
			path = Componet;
			sourceTree = "<group>";
		};
		05589EFA2CE6F811003881AA /* TitleBar */ = {
			isa = PBXGroup;
			children = (
				05589EF82CE6F808003881AA /* FeatrueTitleBar.swift */,
				05589EFB2CE6F827003881AA /* FeatureTitleBar.xib */,
			);
			path = TitleBar;
			sourceTree = "<group>";
		};
		05623FCE2E12296C00B33D2D /* SearchBar */ = {
			isa = PBXGroup;
			children = (
				05623FCF2E1234D300B33D2D /* SearchBar.swift */,
			);
			path = SearchBar;
			sourceTree = "<group>";
		};
		0598C8BD2E5AAD3C00F3098B /* ImageRecognition */ = {
			isa = PBXGroup;
			children = (
				059F9D9E2E651F0000ABFDFC /* Database */,
				059F9DA32E65252800ABFDFC /* ViewModel */,
				059F9D9B2E651E7F00ABFDFC /* Model */,
				0598C8CA2E60785100F3098B /* CameraController.swift */,
				0598C8C82E60778300F3098B /* CameraStreamView.swift */,
				0598C8BE2E5AAD9200F3098B /* ImageUtils */,
			);
			path = ImageRecognition;
			sourceTree = "<group>";
		};
		0598C8BE2E5AAD9200F3098B /* ImageUtils */ = {
			isa = PBXGroup;
			children = (
				0598C8BF2E5AAE0A00F3098B /* ImageUtils.swift */,
				0598C8E12E628DF400F3098B /* CLIPFeatureExtractor.swift */,
				059F9DA12E651F7600ABFDFC /* JsonUtils.swift */,
			);
			path = ImageUtils;
			sourceTree = "<group>";
		};
		059F9D9B2E651E7F00ABFDFC /* Model */ = {
			isa = PBXGroup;
			children = (
				059F9D9C2E651E8D00ABFDFC /* EmbeddingImgModel.swift */,
			);
			path = Model;
			sourceTree = "<group>";
		};
		059F9D9E2E651F0000ABFDFC /* Database */ = {
			isa = PBXGroup;
			children = (
				059F9D9F2E651F2800ABFDFC /* embeddings_test_Img.json */,
			);
			path = Database;
			sourceTree = "<group>";
		};
		059F9DA32E65252800ABFDFC /* ViewModel */ = {
			isa = PBXGroup;
			children = (
				059F9DA42E65255400ABFDFC /* CameraStreamVM.swift */,
			);
			path = ViewModel;
			sourceTree = "<group>";
		};
		05D266AF2DDABBE400F140D3 /* Pratice */ = {
			isa = PBXGroup;
			children = (
				05623FCE2E12296C00B33D2D /* SearchBar */,
				05FAEF2A2E00F3CE00E9BD08 /* CardSlider */,
				05FAEF192DF2C1ED00E9BD08 /* GestureAnimation */,
				05FAEF112DF2740700E9BD08 /* BottomSheet */,
				05D266B02DDABBF500F140D3 /* gesture */,
			);
			path = Pratice;
			sourceTree = "<group>";
		};
		05D266B02DDABBF500F140D3 /* gesture */ = {
			isa = PBXGroup;
			children = (
				05D266B32DDABC1600F140D3 /* gestureView.swift */,
			);
			path = gesture;
			sourceTree = "<group>";
		};
		05E245E82D0A7E5400C6C048 /* TagLineView */ = {
			isa = PBXGroup;
			children = (
				05E245E92D0A7EB800C6C048 /* TagLineView.swift */,
				05E245EA2D0A7EB800C6C048 /* TagLineView.xib */,
			);
			path = TagLineView;
			sourceTree = "<group>";
		};
		05E245ED2D0A7F5100C6C048 /* UILabelPadding */ = {
			isa = PBXGroup;
			children = (
				05E245EE2D0A7F9B00C6C048 /* UILabelPadding.swift */,
			);
			path = UILabelPadding;
			sourceTree = "<group>";
		};
		05E672E12CDB0C93006CF3BF /* DebugLogger */ = {
			isa = PBXGroup;
			children = (
				05E672E32CDB0CB3006CF3BF /* DebugLogger.swift */,
			);
			path = DebugLogger;
			sourceTree = "<group>";
		};
		05FAEF112DF2740700E9BD08 /* BottomSheet */ = {
			isa = PBXGroup;
			children = (
				05FAEF142DF2780F00E9BD08 /* Model */,
				05FAEF122DF2743900E9BD08 /* bottomSheetView.swift */,
				05FAEF172DF279A700E9BD08 /* BottomSheetSubViews.swift */,
			);
			path = BottomSheet;
			sourceTree = "<group>";
		};
		05FAEF142DF2780F00E9BD08 /* Model */ = {
			isa = PBXGroup;
			children = (
				05FAEF152DF2782400E9BD08 /* RestaurantModel.swift */,
			);
			path = Model;
			sourceTree = "<group>";
		};
		05FAEF192DF2C1ED00E9BD08 /* GestureAnimation */ = {
			isa = PBXGroup;
			children = (
				05FAEF212DF2D40A00E9BD08 /* ViewModel */,
				05FAEF1A2DF2C21400E9BD08 /* Model */,
				05FAEF1D2DF2C24F00E9BD08 /* GestureAnimationView.swift */,
				05FAEF1F2DF2C2AD00E9BD08 /* GestureAnimationSubViews.swift */,
			);
			path = GestureAnimation;
			sourceTree = "<group>";
		};
		05FAEF1A2DF2C21400E9BD08 /* Model */ = {
			isa = PBXGroup;
			children = (
				05FAEF1B2DF2C22A00E9BD08 /* TripModel.swift */,
			);
			path = Model;
			sourceTree = "<group>";
		};
		05FAEF212DF2D40A00E9BD08 /* ViewModel */ = {
			isa = PBXGroup;
			children = (
				05FAEF222DF2D45700E9BD08 /* GestureAnimationViewModel.swift */,
			);
			path = ViewModel;
			sourceTree = "<group>";
		};
		05FAEF2A2E00F3CE00E9BD08 /* CardSlider */ = {
			isa = PBXGroup;
			children = (
				05FAEF372E013B6400E9BD08 /* ViewModel */,
				05FAEF2C2E00F3F300E9BD08 /* View */,
				05FAEF2B2E00F3E500E9BD08 /* Model */,
				05FAEF312E00F52500E9BD08 /* CardSliderView.swift */,
			);
			path = CardSlider;
			sourceTree = "<group>";
		};
		05FAEF2B2E00F3E500E9BD08 /* Model */ = {
			isa = PBXGroup;
			children = (
				05FAEF2D2E00F41800E9BD08 /* CardDM.swift */,
				05FAEF2F2E00F4F200E9BD08 /* TransactionsDM.swift */,
			);
			path = Model;
			sourceTree = "<group>";
		};
		05FAEF2C2E00F3F300E9BD08 /* View */ = {
			isa = PBXGroup;
			children = (
				05FAEF332E00F52F00E9BD08 /* CardSliderSubViews.swift */,
			);
			path = View;
			sourceTree = "<group>";
		};
		05FAEF372E013B6400E9BD08 /* ViewModel */ = {
			isa = PBXGroup;
			children = (
				05FAEF382E013B6B00E9BD08 /* CardSliderVM.swift */,
			);
			path = ViewModel;
			sourceTree = "<group>";
		};
		A618D7BF026182D6CF0FD035 /* Frameworks */ = {
			isa = PBXGroup;
			children = (
				403AA25D1C561EBE052111F9 /* Pods_FishBuddy.framework */,
			);
			name = Frameworks;
			sourceTree = "<group>";
		};
		E7D8B280684BFC7DCF7FA2DE /* Pods */ = {
			isa = PBXGroup;
			children = (
				93D4B919CA5B1C4E00C568C4 /* Pods-FishBuddy.debug.xcconfig */,
				9E8680C797A3C5BAD69C85F4 /* Pods-FishBuddy.release.xcconfig */,
			);
			path = Pods;
			sourceTree = "<group>";
		};
/* End PBXGroup section */

/* Begin PBXNativeTarget section */
		054C843E2CD9B994005595EF /* FishBuddy */ = {
			isa = PBXNativeTarget;
			buildConfigurationList = 054C84532CD9B995005595EF /* Build configuration list for PBXNativeTarget "FishBuddy" */;
			buildPhases = (
				EF467FFFF9E3D44383CF03AB /* [CP] Check Pods Manifest.lock */,
				054C843B2CD9B994005595EF /* Sources */,
				054C843C2CD9B994005595EF /* Frameworks */,
				054C843D2CD9B994005595EF /* Resources */,
				23817F403BEBDB90FE9A1AA6 /* [CP] Embed Pods Frameworks */,
			);
			buildRules = (
			);
			dependencies = (
			);
			name = FishBuddy;
			productName = FishBuddy;
			productReference = 054C843F2CD9B994005595EF /* FishBuddy.app */;
			productType = "com.apple.product-type.application";
		};
/* End PBXNativeTarget section */

/* Begin PBXProject section */
		054C84372CD9B994005595EF /* Project object */ = {
			isa = PBXProject;
			attributes = {
				BuildIndependentTargetsInParallel = 1;
				LastSwiftUpdateCheck = 1540;
				LastUpgradeCheck = 1540;
				TargetAttributes = {
					054C843E2CD9B994005595EF = {
						CreatedOnToolsVersion = 15.4;
					};
				};
			};
			buildConfigurationList = 054C843A2CD9B994005595EF /* Build configuration list for PBXProject "FishBuddy" */;
			compatibilityVersion = "Xcode 14.0";
			developmentRegion = en;
			hasScannedForEncodings = 0;
			knownRegions = (
				en,
				Base,
			);
			mainGroup = 054C84362CD9B994005595EF;
			productRefGroup = 054C84402CD9B994005595EF /* Products */;
			projectDirPath = "";
			projectRoot = "";
			targets = (
				054C843E2CD9B994005595EF /* FishBuddy */,
			);
		};
/* End PBXProject section */

/* Begin PBXResourcesBuildPhase section */
		054C843D2CD9B994005595EF /* Resources */ = {
			isa = PBXResourcesBuildPhase;
			buildActionMask = 2147483647;
			files = (
				054C844C2CD9B995005595EF /* Assets.xcassets in Resources */,
				0546FBB62DCB30F1001695D8 /* custom-icons.ttf in Resources */,
				05589EFC2CE6F827003881AA /* FeatureTitleBar.xib in Resources */,
				05589EF62CE6F5C5003881AA /* Weather.storyboard in Resources */,
				05E245EC2D0A7EB800C6C048 /* TagLineView.xib in Resources */,
				059F9DA02E651F2800ABFDFC /* embeddings_test_Img.json in Resources */,
				054C844F2CD9B995005595EF /* Base in Resources */,
				054C844A2CD9B994005595EF /* Base in Resources */,
			);
			runOnlyForDeploymentPostprocessing = 0;
		};
/* End PBXResourcesBuildPhase section */

/* Begin PBXShellScriptBuildPhase section */
		23817F403BEBDB90FE9A1AA6 /* [CP] Embed Pods Frameworks */ = {
			isa = PBXShellScriptBuildPhase;
			buildActionMask = 2147483647;
			files = (
			);
			inputFileListPaths = (
				"${PODS_ROOT}/Target Support Files/Pods-FishBuddy/Pods-FishBuddy-frameworks-${CONFIGURATION}-input-files.xcfilelist",
			);
			name = "[CP] Embed Pods Frameworks";
			outputFileListPaths = (
				"${PODS_ROOT}/Target Support Files/Pods-FishBuddy/Pods-FishBuddy-frameworks-${CONFIGURATION}-output-files.xcfilelist",
			);
			runOnlyForDeploymentPostprocessing = 0;
			shellPath = /bin/sh;
			shellScript = "\"${PODS_ROOT}/Target Support Files/Pods-FishBuddy/Pods-FishBuddy-frameworks.sh\"\n";
			showEnvVarsInLog = 0;
		};
		EF467FFFF9E3D44383CF03AB /* [CP] Check Pods Manifest.lock */ = {
			isa = PBXShellScriptBuildPhase;
			buildActionMask = 2147483647;
			files = (
			);
			inputFileListPaths = (
			);
			inputPaths = (
				"${PODS_PODFILE_DIR_PATH}/Podfile.lock",
				"${PODS_ROOT}/Manifest.lock",
			);
			name = "[CP] Check Pods Manifest.lock";
			outputFileListPaths = (
			);
			outputPaths = (
				"$(DERIVED_FILE_DIR)/Pods-FishBuddy-checkManifestLockResult.txt",
			);
			runOnlyForDeploymentPostprocessing = 0;
			shellPath = /bin/sh;
			shellScript = "diff \"${PODS_PODFILE_DIR_PATH}/Podfile.lock\" \"${PODS_ROOT}/Manifest.lock\" > /dev/null\nif [ $? != 0 ] ; then\n    # print error to STDERR\n    echo \"error: The sandbox is not in sync with the Podfile.lock. Run 'pod install' or update your CocoaPods installation.\" >&2\n    exit 1\nfi\n# This output is used by Xcode 'outputs' to avoid re-running this script phase.\necho \"SUCCESS\" > \"${SCRIPT_OUTPUT_FILE_0}\"\n";
			showEnvVarsInLog = 0;
		};
/* End PBXShellScriptBuildPhase section */

/* Begin PBXSourcesBuildPhase section */
		054C843B2CD9B994005595EF /* Sources */ = {
			isa = PBXSourcesBuildPhase;
			buildActionMask = 2147483647;
			files = (
				054C846E2CDB06AA005595EF /* WeatherAllModel.swift in Sources */,
				05E672E02CDB0C78006CF3BF /* APILoggerPlugin.swift in Sources */,
				05FAEF342E00F53D00E9BD08 /* CardSliderSubViews.swift in Sources */,
				05FAEF392E013B7300E9BD08 /* CardSliderVM.swift in Sources */,
				05FAEF162DF2782400E9BD08 /* RestaurantModel.swift in Sources */,
				059F9DA22E651F7600ABFDFC /* JsonUtils.swift in Sources */,
				05589EF42CE6F2D2003881AA /* UIViewControllerExtension.swift in Sources */,
				05FAEF302E00F4F200E9BD08 /* TransactionsDM.swift in Sources */,
				054C84652CD9C144005595EF /* WeatherService.swift in Sources */,
				05589EEF2CE6EFF3003881AA /* LobbyVM.swift in Sources */,
				0598C8E22E628DF400F3098B /* CLIPFeatureExtractor.swift in Sources */,
				0598C8CB2E60785C00F3098B /* CameraController.swift in Sources */,
				054C84472CD9B994005595EF /* LobbyViewController.swift in Sources */,
				0595566F2E14D5BA0050147C /* TideView.swift in Sources */,
				05FAEF182DF279A700E9BD08 /* BottomSheetSubViews.swift in Sources */,
				059F9DA52E65255400ABFDFC /* CameraStreamVM.swift in Sources */,
				0598C8C92E60778300F3098B /* CameraStreamView.swift in Sources */,
				05FAEF1C2DF2C22A00E9BD08 /* TripModel.swift in Sources */,
				054C846C2CDB0548005595EF /* CodableExtension.swift in Sources */,
				05FAEF322E00F52500E9BD08 /* CardSliderView.swift in Sources */,
				05F3BED42D92824C00DDAC72 /* TideDataModel.swift in Sources */,
				054C84432CD9B994005595EF /* AppDelegate.swift in Sources */,
				05589EE72CE6ED93003881AA /* WeatherLobbyViewController.swift in Sources */,
				05D266B42DDABC1600F140D3 /* gestureView.swift in Sources */,
				054C84602CD9C0AF005595EF /* UIControlPublisher.swift in Sources */,
				05589EF92CE6F808003881AA /* FeatrueTitleBar.swift in Sources */,
				05FAEF202DF2C2AD00E9BD08 /* GestureAnimationSubViews.swift in Sources */,
				05589EF22CE6F0A7003881AA /* UIStoryboardExtension.swift in Sources */,
				05E672E42CDB0CB3006CF3BF /* DebugLogger.swift in Sources */,
				054C84582CD9BD76005595EF /* APIService.swift in Sources */,
				05FAEF1E2DF2C24F00E9BD08 /* GestureAnimationView.swift in Sources */,
				059556712E150AF10050147C /* TideLobbyVM.swift in Sources */,
				05513A432DAE44540021573F /* WeatherView.swift in Sources */,
				05623FD02E1234D300B33D2D /* SearchBar.swift in Sources */,
				05589EE52CE6ECD8003881AA /* Display.swift in Sources */,
				05FAEF232DF2D45700E9BD08 /* GestureAnimationViewModel.swift in Sources */,
				05FAEF2E2E00F41800E9BD08 /* CardDM.swift in Sources */,
				05E245EB2D0A7EB800C6C048 /* TagLineView.swift in Sources */,
				054C84452CD9B994005595EF /* SceneDelegate.swift in Sources */,
				05589EE92CE6EDBF003881AA /* WeatherLobbyVM.swift in Sources */,
				058877032DC1BE5B00B1D13E /* WeatherView2.swift in Sources */,
				05FAEF132DF2743900E9BD08 /* bottomSheetView.swift in Sources */,
				05E245EF2D0A7F9B00C6C048 /* UILabelPadding.swift in Sources */,
				059F9D9D2E651EA600ABFDFC /* EmbeddingImgModel.swift in Sources */,
				0598C8C42E60711B00F3098B /* mobileclip_s1_image.mlpackage in Sources */,
				054C845A2CD9BDE5005595EF /* APIConfig.swift in Sources */,
				05E245F12D0A801000C6C048 /* UILabelExtension.swift in Sources */,
				054C84622CD9C0E3005595EF /* PublisherExtension.swift in Sources */,
				0598C8C02E5AAE0A00F3098B /* ImageUtils.swift in Sources */,
			);
			runOnlyForDeploymentPostprocessing = 0;
		};
/* End PBXSourcesBuildPhase section */

/* Begin PBXVariantGroup section */
		054C84482CD9B994005595EF /* Main.storyboard */ = {
			isa = PBXVariantGroup;
			children = (
				054C84492CD9B994005595EF /* Base */,
			);
			name = Main.storyboard;
			sourceTree = "<group>";
		};
		054C844D2CD9B995005595EF /* LaunchScreen.storyboard */ = {
			isa = PBXVariantGroup;
			children = (
				054C844E2CD9B995005595EF /* Base */,
			);
			name = LaunchScreen.storyboard;
			sourceTree = "<group>";
		};
/* End PBXVariantGroup section */

/* Begin XCBuildConfiguration section */
		054C84512CD9B995005595EF /* Debug */ = {
			isa = XCBuildConfiguration;
			buildSettings = {
				ALWAYS_SEARCH_USER_PATHS = NO;
				ASSETCATALOG_COMPILER_GENERATE_SWIFT_ASSET_SYMBOL_EXTENSIONS = YES;
				CLANG_ANALYZER_NONNULL = YES;
				CLANG_ANALYZER_NUMBER_OBJECT_CONVERSION = YES_AGGRESSIVE;
				CLANG_CXX_LANGUAGE_STANDARD = "gnu++20";
				CLANG_ENABLE_MODULES = YES;
				CLANG_ENABLE_OBJC_ARC = YES;
				CLANG_ENABLE_OBJC_WEAK = YES;
				CLANG_WARN_BLOCK_CAPTURE_AUTORELEASING = YES;
				CLANG_WARN_BOOL_CONVERSION = YES;
				CLANG_WARN_COMMA = YES;
				CLANG_WARN_CONSTANT_CONVERSION = YES;
				CLANG_WARN_DEPRECATED_OBJC_IMPLEMENTATIONS = YES;
				CLANG_WARN_DIRECT_OBJC_ISA_USAGE = YES_ERROR;
				CLANG_WARN_DOCUMENTATION_COMMENTS = YES;
				CLANG_WARN_EMPTY_BODY = YES;
				CLANG_WARN_ENUM_CONVERSION = YES;
				CLANG_WARN_INFINITE_RECURSION = YES;
				CLANG_WARN_INT_CONVERSION = YES;
				CLANG_WARN_NON_LITERAL_NULL_CONVERSION = YES;
				CLANG_WARN_OBJC_IMPLICIT_RETAIN_SELF = YES;
				CLANG_WARN_OBJC_LITERAL_CONVERSION = YES;
				CLANG_WARN_OBJC_ROOT_CLASS = YES_ERROR;
				CLANG_WARN_QUOTED_INCLUDE_IN_FRAMEWORK_HEADER = YES;
				CLANG_WARN_RANGE_LOOP_ANALYSIS = YES;
				CLANG_WARN_STRICT_PROTOTYPES = YES;
				CLANG_WARN_SUSPICIOUS_MOVE = YES;
				CLANG_WARN_UNGUARDED_AVAILABILITY = YES_AGGRESSIVE;
				CLANG_WARN_UNREACHABLE_CODE = YES;
				CLANG_WARN__DUPLICATE_METHOD_MATCH = YES;
				COPY_PHASE_STRIP = NO;
				DEBUG_INFORMATION_FORMAT = dwarf;
				ENABLE_STRICT_OBJC_MSGSEND = YES;
				ENABLE_TESTABILITY = YES;
				ENABLE_USER_SCRIPT_SANDBOXING = YES;
				GCC_C_LANGUAGE_STANDARD = gnu17;
				GCC_DYNAMIC_NO_PIC = NO;
				GCC_NO_COMMON_BLOCKS = YES;
				GCC_OPTIMIZATION_LEVEL = 0;
				GCC_PREPROCESSOR_DEFINITIONS = (
					"DEBUG=1",
					"$(inherited)",
				);
				GCC_WARN_64_TO_32_BIT_CONVERSION = YES;
				GCC_WARN_ABOUT_RETURN_TYPE = YES_ERROR;
				GCC_WARN_UNDECLARED_SELECTOR = YES;
				GCC_WARN_UNINITIALIZED_AUTOS = YES_AGGRESSIVE;
				GCC_WARN_UNUSED_FUNCTION = YES;
				GCC_WARN_UNUSED_VARIABLE = YES;
				IPHONEOS_DEPLOYMENT_TARGET = 15.6;
				LOCALIZATION_PREFERS_STRING_CATALOGS = YES;
				MTL_ENABLE_DEBUG_INFO = INCLUDE_SOURCE;
				MTL_FAST_MATH = YES;
				ONLY_ACTIVE_ARCH = YES;
				SDKROOT = iphoneos;
				SWIFT_ACTIVE_COMPILATION_CONDITIONS = "DEBUG $(inherited)";
				SWIFT_OPTIMIZATION_LEVEL = "-Onone";
			};
			name = Debug;
		};
		054C84522CD9B995005595EF /* Release */ = {
			isa = XCBuildConfiguration;
			buildSettings = {
				ALWAYS_SEARCH_USER_PATHS = NO;
				ASSETCATALOG_COMPILER_GENERATE_SWIFT_ASSET_SYMBOL_EXTENSIONS = YES;
				CLANG_ANALYZER_NONNULL = YES;
				CLANG_ANALYZER_NUMBER_OBJECT_CONVERSION = YES_AGGRESSIVE;
				CLANG_CXX_LANGUAGE_STANDARD = "gnu++20";
				CLANG_ENABLE_MODULES = YES;
				CLANG_ENABLE_OBJC_ARC = YES;
				CLANG_ENABLE_OBJC_WEAK = YES;
				CLANG_WARN_BLOCK_CAPTURE_AUTORELEASING = YES;
				CLANG_WARN_BOOL_CONVERSION = YES;
				CLANG_WARN_COMMA = YES;
				CLANG_WARN_CONSTANT_CONVERSION = YES;
				CLANG_WARN_DEPRECATED_OBJC_IMPLEMENTATIONS = YES;
				CLANG_WARN_DIRECT_OBJC_ISA_USAGE = YES_ERROR;
				CLANG_WARN_DOCUMENTATION_COMMENTS = YES;
				CLANG_WARN_EMPTY_BODY = YES;
				CLANG_WARN_ENUM_CONVERSION = YES;
				CLANG_WARN_INFINITE_RECURSION = YES;
				CLANG_WARN_INT_CONVERSION = YES;
				CLANG_WARN_NON_LITERAL_NULL_CONVERSION = YES;
				CLANG_WARN_OBJC_IMPLICIT_RETAIN_SELF = YES;
				CLANG_WARN_OBJC_LITERAL_CONVERSION = YES;
				CLANG_WARN_OBJC_ROOT_CLASS = YES_ERROR;
				CLANG_WARN_QUOTED_INCLUDE_IN_FRAMEWORK_HEADER = YES;
				CLANG_WARN_RANGE_LOOP_ANALYSIS = YES;
				CLANG_WARN_STRICT_PROTOTYPES = YES;
				CLANG_WARN_SUSPICIOUS_MOVE = YES;
				CLANG_WARN_UNGUARDED_AVAILABILITY = YES_AGGRESSIVE;
				CLANG_WARN_UNREACHABLE_CODE = YES;
				CLANG_WARN__DUPLICATE_METHOD_MATCH = YES;
				COPY_PHASE_STRIP = NO;
				DEBUG_INFORMATION_FORMAT = "dwarf-with-dsym";
				ENABLE_NS_ASSERTIONS = NO;
				ENABLE_STRICT_OBJC_MSGSEND = YES;
				ENABLE_USER_SCRIPT_SANDBOXING = YES;
				GCC_C_LANGUAGE_STANDARD = gnu17;
				GCC_NO_COMMON_BLOCKS = YES;
				GCC_WARN_64_TO_32_BIT_CONVERSION = YES;
				GCC_WARN_ABOUT_RETURN_TYPE = YES_ERROR;
				GCC_WARN_UNDECLARED_SELECTOR = YES;
				GCC_WARN_UNINITIALIZED_AUTOS = YES_AGGRESSIVE;
				GCC_WARN_UNUSED_FUNCTION = YES;
				GCC_WARN_UNUSED_VARIABLE = YES;
				IPHONEOS_DEPLOYMENT_TARGET = 15.6;
				LOCALIZATION_PREFERS_STRING_CATALOGS = YES;
				MTL_ENABLE_DEBUG_INFO = NO;
				MTL_FAST_MATH = YES;
				SDKROOT = iphoneos;
				SWIFT_COMPILATION_MODE = wholemodule;
				VALIDATE_PRODUCT = YES;
			};
			name = Release;
		};
		054C84542CD9B995005595EF /* Debug */ = {
			isa = XCBuildConfiguration;
			baseConfigurationReference = 93D4B919CA5B1C4E00C568C4 /* Pods-FishBuddy.debug.xcconfig */;
			buildSettings = {
				ASSETCATALOG_COMPILER_APPICON_NAME = AppIcon;
				ASSETCATALOG_COMPILER_GLOBAL_ACCENT_COLOR_NAME = AccentColor;
				CODE_SIGN_STYLE = Automatic;
				CURRENT_PROJECT_VERSION = 1;
				DEVELOPMENT_TEAM = Z64LB69QMK;
				ENABLE_USER_SCRIPT_SANDBOXING = NO;
				GENERATE_INFOPLIST_FILE = YES;
				INFOPLIST_FILE = FishBuddy/Info.plist;
				INFOPLIST_KEY_UIApplicationSupportsIndirectInputEvents = YES;
				INFOPLIST_KEY_UILaunchStoryboardName = LaunchScreen;
				INFOPLIST_KEY_UIMainStoryboardFile = Main;
				INFOPLIST_KEY_UISupportedInterfaceOrientations_iPad = "UIInterfaceOrientationPortrait UIInterfaceOrientationPortraitUpsideDown UIInterfaceOrientationLandscapeLeft UIInterfaceOrientationLandscapeRight";
				INFOPLIST_KEY_UISupportedInterfaceOrientations_iPhone = "UIInterfaceOrientationPortrait UIInterfaceOrientationLandscapeLeft UIInterfaceOrientationLandscapeRight";
				IPHONEOS_DEPLOYMENT_TARGET = 17.6;
				LD_RUNPATH_SEARCH_PATHS = (
					"$(inherited)",
					"@executable_path/Frameworks",
				);
				MARKETING_VERSION = 1.0;
				PRODUCT_BUNDLE_IDENTIFIER = com.LinZheHao.FishBuddy;
				PRODUCT_NAME = "$(TARGET_NAME)";
				SWIFT_EMIT_LOC_STRINGS = YES;
				SWIFT_VERSION = 5.0;
				TARGETED_DEVICE_FAMILY = "1,2";
			};
			name = Debug;
		};
		054C84552CD9B995005595EF /* Release */ = {
			isa = XCBuildConfiguration;
			baseConfigurationReference = 9E8680C797A3C5BAD69C85F4 /* Pods-FishBuddy.release.xcconfig */;
			buildSettings = {
				ASSETCATALOG_COMPILER_APPICON_NAME = AppIcon;
				ASSETCATALOG_COMPILER_GLOBAL_ACCENT_COLOR_NAME = AccentColor;
				CODE_SIGN_STYLE = Automatic;
				CURRENT_PROJECT_VERSION = 1;
				DEVELOPMENT_TEAM = Z64LB69QMK;
				ENABLE_USER_SCRIPT_SANDBOXING = NO;
				GENERATE_INFOPLIST_FILE = YES;
				INFOPLIST_FILE = FishBuddy/Info.plist;
				INFOPLIST_KEY_UIApplicationSupportsIndirectInputEvents = YES;
				INFOPLIST_KEY_UILaunchStoryboardName = LaunchScreen;
				INFOPLIST_KEY_UIMainStoryboardFile = Main;
				INFOPLIST_KEY_UISupportedInterfaceOrientations_iPad = "UIInterfaceOrientationPortrait UIInterfaceOrientationPortraitUpsideDown UIInterfaceOrientationLandscapeLeft UIInterfaceOrientationLandscapeRight";
				INFOPLIST_KEY_UISupportedInterfaceOrientations_iPhone = "UIInterfaceOrientationPortrait UIInterfaceOrientationLandscapeLeft UIInterfaceOrientationLandscapeRight";
				IPHONEOS_DEPLOYMENT_TARGET = 17.6;
				LD_RUNPATH_SEARCH_PATHS = (
					"$(inherited)",
					"@executable_path/Frameworks",
				);
				MARKETING_VERSION = 1.0;
				PRODUCT_BUNDLE_IDENTIFIER = com.LinZheHao.FishBuddy;
				PRODUCT_NAME = "$(TARGET_NAME)";
				SWIFT_EMIT_LOC_STRINGS = YES;
				SWIFT_VERSION = 5.0;
				TARGETED_DEVICE_FAMILY = "1,2";
			};
			name = Release;
		};
/* End XCBuildConfiguration section */

/* Begin XCConfigurationList section */
		054C843A2CD9B994005595EF /* Build configuration list for PBXProject "FishBuddy" */ = {
			isa = XCConfigurationList;
			buildConfigurations = (
				054C84512CD9B995005595EF /* Debug */,
				054C84522CD9B995005595EF /* Release */,
			);
			defaultConfigurationIsVisible = 0;
			defaultConfigurationName = Release;
		};
		054C84532CD9B995005595EF /* Build configuration list for PBXNativeTarget "FishBuddy" */ = {
			isa = XCConfigurationList;
			buildConfigurations = (
				054C84542CD9B995005595EF /* Debug */,
				054C84552CD9B995005595EF /* Release */,
			);
			defaultConfigurationIsVisible = 0;
			defaultConfigurationName = Release;
		};
/* End XCConfigurationList section */
	};
	rootObject = 054C84372CD9B994005595EF /* Project object */;
}
